{
  "requires": true,
  "lockfileVersion": 1,
  "dependencies": {
    "@react-spring/animated": {
      "version": "9.2.3",
      "resolved": "https://registry.npmjs.org/@react-spring/animated/-/animated-9.2.3.tgz",
      "integrity": "sha512-xxYOxxrk4r+yy218lVnkR027GXGvHcadDnnXRW0l6atcL+1AGYwimMwIuvzlvnsVnyoK0YUABEeGjk9ENOrVMQ==",
      "requires": {
        "@react-spring/shared": "~9.2.0",
        "@react-spring/types": "~9.2.0"
      }
    },
    "@react-spring/core": {
      "version": "9.2.3",
      "resolved": "https://registry.npmjs.org/@react-spring/core/-/core-9.2.3.tgz",
      "integrity": "sha512-8qJbj0xjjoYGVqdmNd2bVaFzKSAwrMVLweHkaYJiTY6p0g7LhSdt5KSl1MjYA4Rj6S4wO1KgefAPK6mH6MtGtA==",
      "requires": {
        "@react-spring/animated": "~9.2.0",
        "@react-spring/shared": "~9.2.0",
        "@react-spring/types": "~9.2.0"
      }
    },
    "@react-spring/konva": {
      "version": "9.2.3",
      "resolved": "https://registry.npmjs.org/@react-spring/konva/-/konva-9.2.3.tgz",
      "integrity": "sha512-lycvgmlag3/CeemuoI2bTVgu/LK98VzNTyBClXyppduGwGwR/iJPYjOFraL7pTKyEGp2qMCo1URISc6W43PkQg==",
      "requires": {
        "@react-spring/animated": "~9.2.0",
        "@react-spring/core": "~9.2.0",
        "@react-spring/shared": "~9.2.0",
        "@react-spring/types": "~9.2.0"
      }
    },
    "@react-spring/native": {
      "version": "9.2.3",
      "resolved": "https://registry.npmjs.org/@react-spring/native/-/native-9.2.3.tgz",
      "integrity": "sha512-odPk/NfMgLTp9bh4Rz2joWKMiNIC4/n+m60lGG0Eznmg3nYgtZ5+GMcph3A5dn5XWJGLywxrPiy8/wf+5LaVtA==",
      "requires": {
        "@react-spring/animated": "~9.2.0",
        "@react-spring/core": "~9.2.0",
        "@react-spring/shared": "~9.2.0",
        "@react-spring/types": "~9.2.0"
      }
    },
    "@react-spring/rafz": {
      "version": "9.2.3",
      "resolved": "https://registry.npmjs.org/@react-spring/rafz/-/rafz-9.2.3.tgz",
      "integrity": "sha512-ThBI3HWp1Y82uRSFVpoykwgM3M9s3SJD6ilKKp9C2OTPcGhWiRGt1IMjzKPwB+F1NX3psbPTt30Bev8WzA/DQQ=="
    },
    "@react-spring/shared": {
      "version": "9.2.3",
      "resolved": "https://registry.npmjs.org/@react-spring/shared/-/shared-9.2.3.tgz",
      "integrity": "sha512-MehdmKao1oUAwSEJo8BXOz1OGgsSav/dimD1Vz920hirShj9s/I4zKnWtkdK92xQ4n35D/xD3hATHkXbt/WSvg==",
      "requires": {
        "@react-spring/rafz": "~9.2.0",
        "@react-spring/types": "~9.2.0"
      }
    },
    "@react-spring/three": {
      "version": "9.2.3",
      "resolved": "https://registry.npmjs.org/@react-spring/three/-/three-9.2.3.tgz",
      "integrity": "sha512-DMns/lTWmJ7EFJHf+7CERBAUWWZ314FPQGAcOXFHvMXfxfzBwV8/HGuvlKcdNsTqXfCi3PcYQEAWhpFF/YgVbA==",
      "requires": {
        "@react-spring/animated": "~9.2.0",
        "@react-spring/core": "~9.2.0",
        "@react-spring/shared": "~9.2.0",
        "@react-spring/types": "~9.2.0"
      }
    },
    "@react-spring/types": {
      "version": "9.2.3",
      "resolved": "https://registry.npmjs.org/@react-spring/types/-/types-9.2.3.tgz",
      "integrity": "sha512-G7AWUJavwsvvvprnYmqUXE5N1XKINktc8V72ipvkFTE3DD3GApYpX/ORNmieJljKJYvBSBzpRSIzk2qELUs30Q=="
    },
    "@react-spring/web": {
      "version": "9.2.3",
      "resolved": "https://registry.npmjs.org/@react-spring/web/-/web-9.2.3.tgz",
      "integrity": "sha512-dWRcgVDbO2UI9I03n/HVmCx9tY++Na+RwRzkzXv3E53BcFsjvnWGArnpj+xE/XgXiaII3ep2RmUj5jyYoukqGg==",
      "requires": {
        "@react-spring/animated": "~9.2.0",
        "@react-spring/core": "~9.2.0",
        "@react-spring/shared": "~9.2.0",
        "@react-spring/types": "~9.2.0"
      }
    },
    "@react-spring/zdog": {
      "version": "9.2.3",
      "resolved": "https://registry.npmjs.org/@react-spring/zdog/-/zdog-9.2.3.tgz",
      "integrity": "sha512-Ne06eVaV/SQrtdMixLPmkfO2mhoqpkPEAsqW92Bh+hODdEdPwVvexitKPx29uc6F2/zOu9t8NAJfqbOsq3j1Hw==",
      "requires": {
        "@react-spring/animated": "~9.2.0",
        "@react-spring/core": "~9.2.0",
        "@react-spring/shared": "~9.2.0",
        "@react-spring/types": "~9.2.0"
      }
    },
    "react-spring": {
      "version": "9.2.3",
      "resolved": "https://registry.npmjs.org/react-spring/-/react-spring-9.2.3.tgz",
      "integrity": "sha512-D3fx9A7UjX4yp35TM3YxbhzKhjq6nFaEs4/RkKT+/Ch732opG6iUek9jt+mwR1bST29aa9Da6mWipAtQbD2U3g==",
      "requires": {
        "@react-spring/core": "~9.2.0",
        "@react-spring/konva": "~9.2.0",
        "@react-spring/native": "~9.2.0",
        "@react-spring/three": "~9.2.0",
        "@react-spring/web": "~9.2.0",
        "@react-spring/zdog": "~9.2.0"
      }
    }
  }
}
